
Microsoft Visual Studio Solution File, Format Version 12.00
# Visual Studio Version 16
VisualStudioVersion = 16.0.31410.357
MinimumVisualStudioVersion = 10.0.40219.1
Project("{FAE04EC0-301F-11D3-BF4B-00C04F79EFBC}") = "TelegramKey", "TelegramKey\TelegramKey.csproj", "{2F54086D-95C8-43EB-A860-93AACA71229B}"
EndProject
Global
	GlobalSection(SolutionConfigurationPlatforms) = preSolution
		Debug|Any CPU = Debug|Any CPU
		Release|Any CPU = Release|Any CPU
	EndGlobalSection
	GlobalSection(ProjectConfigurationPlatforms) = postSolution
		{2F54086D-95C8-43EB-A860-93AACA71229B}.Debug|Any CPU.ActiveCfg = Debug|Any CPU
		{2F54086D-95C8-43EB-A860-93AACA71229B}.Debug|Any CPU.Build.0 = Debug|Any CPU
		{2F54086D-95C8-43EB-A860-93AACA71229B}.Release|Any CPU.ActiveCfg = Release|Any CPU
		{2F54086D-95C8-43EB-A860-93AACA71229B}.Release|Any CPU.Build.0 = Release|Any CPU
	EndGlobalSection
	GlobalSection(SolutionProperties) = preSolution
		HideSolutionNode = FALSE
	EndGlobalSection
	GlobalSection(ExtensibilityGlobals) = postSolution
		SolutionGuid = {60271DCD-40CB-48BD-9674-213312B7C811}
	EndGlobalSection
EndGlobal
